
Microsoft Visual Studio Solution File, Format Version 12.00
# Visual Studio 15
VisualStudioVersion = 15.0.28307.852
MinimumVisualStudioVersion = 10.0.40219.1
Project("{9A19103F-16F7-4668-BE54-9A1E7A4F7556}") = "Builder", "Builder\Builder.csproj", "{18F87DC7-24DF-410B-819E-4620F04C07C7}"
EndProject
Project("{9A19103F-16F7-4668-BE54-9A1E7A4F7556}") = "Momento", "Momento\Momento.csproj", "{A16E15C5-3591-4154-B251-871383017E03}"
EndProject
Project("{FAE04EC0-301F-11D3-BF4B-00C04F79EFBC}") = "Mediator", "Mediator\Mediator.csproj", "{6B3B9078-C4F3-49E7-96CD-BAD97280D6D2}"
EndProject
Global
	GlobalSection(SolutionConfigurationPlatforms) = preSolution
		Debug|Any CPU = Debug|Any CPU
		Release|Any CPU = Release|Any CPU
	EndGlobalSection
	GlobalSection(ProjectConfigurationPlatforms) = postSolution
		{18F87DC7-24DF-410B-819E-4620F04C07C7}.Debug|Any CPU.ActiveCfg = Debug|Any CPU
		{18F87DC7-24DF-410B-819E-4620F04C07C7}.Debug|Any CPU.Build.0 = Debug|Any CPU
		{18F87DC7-24DF-410B-819E-4620F04C07C7}.Release|Any CPU.ActiveCfg = Release|Any CPU
		{18F87DC7-24DF-410B-819E-4620F04C07C7}.Release|Any CPU.Build.0 = Release|Any CPU
		{A16E15C5-3591-4154-B251-871383017E03}.Debug|Any CPU.ActiveCfg = Debug|Any CPU
		{A16E15C5-3591-4154-B251-871383017E03}.Debug|Any CPU.Build.0 = Debug|Any CPU
		{A16E15C5-3591-4154-B251-871383017E03}.Release|Any CPU.ActiveCfg = Release|Any CPU
		{A16E15C5-3591-4154-B251-871383017E03}.Release|Any CPU.Build.0 = Release|Any CPU
		{6B3B9078-C4F3-49E7-96CD-BAD97280D6D2}.Debug|Any CPU.ActiveCfg = Debug|Any CPU
		{6B3B9078-C4F3-49E7-96CD-BAD97280D6D2}.Debug|Any CPU.Build.0 = Debug|Any CPU
		{6B3B9078-C4F3-49E7-96CD-BAD97280D6D2}.Release|Any CPU.ActiveCfg = Release|Any CPU
		{6B3B9078-C4F3-49E7-96CD-BAD97280D6D2}.Release|Any CPU.Build.0 = Release|Any CPU
	EndGlobalSection
	GlobalSection(SolutionProperties) = preSolution
		HideSolutionNode = FALSE
	EndGlobalSection
	GlobalSection(ExtensibilityGlobals) = postSolution
		SolutionGuid = {F443817F-157C-47B9-9A83-4D7002FE845A}
	EndGlobalSection
EndGlobal
